// !$*UTF8*$!
{
	archiveVersion = 1;
	classes = {
	};
	objectVersion = 50;
	objects = {

/* Begin PBXBuildFile section */
		8CC0A32D21831429007F5FDE /* AppDelegate.swift in Sources */ = {isa = PBXBuildFile; fileRef = 8CC0A32C21831429007F5FDE /* AppDelegate.swift */; };
		8CC0A33421831441007F5FDE /* Assets.xcassets in Resources */ = {isa = PBXBuildFile; fileRef = 8CC0A33321831441007F5FDE /* Assets.xcassets */; };
		8CC0A33721831441007F5FDE /* LaunchScreen.storyboard in Resources */ = {isa = PBXBuildFile; fileRef = 8CC0A33521831441007F5FDE /* LaunchScreen.storyboard */; };
		8CC0A34021831655007F5FDE /* NewsModel.swift in Sources */ = {isa = PBXBuildFile; fileRef = 8CC0A33F21831655007F5FDE /* NewsModel.swift */; };
		8CC0A342218318F6007F5FDE /* NewsMainView.swift in Sources */ = {isa = PBXBuildFile; fileRef = 8CC0A341218318F6007F5FDE /* NewsMainView.swift */; };
		8CC0A34421831D4D007F5FDE /* MainNewsScrollView.swift in Sources */ = {isa = PBXBuildFile; fileRef = 8CC0A34321831D4D007F5FDE /* MainNewsScrollView.swift */; };
		8CC0A34721831E11007F5FDE /* NewsScreen.swift in Sources */ = {isa = PBXBuildFile; fileRef = 8CC0A34621831E11007F5FDE /* NewsScreen.swift */; };
		8CC0A34921831E72007F5FDE /* NewsScreenScrollView.swift in Sources */ = {isa = PBXBuildFile; fileRef = 8CC0A34821831E72007F5FDE /* NewsScreenScrollView.swift */; };
		8CC0A34C21833D7C007F5FDE /* EventsMainView.swift in Sources */ = {isa = PBXBuildFile; fileRef = 8CC0A34B21833D7C007F5FDE /* EventsMainView.swift */; };
		8CC0A34E21833D9C007F5FDE /* EventsModel.swift in Sources */ = {isa = PBXBuildFile; fileRef = 8CC0A34D21833D9C007F5FDE /* EventsModel.swift */; };
		8CC0A35021833DE9007F5FDE /* MainEventsScrollView.swift in Sources */ = {isa = PBXBuildFile; fileRef = 8CC0A34F21833DE9007F5FDE /* MainEventsScrollView.swift */; };
		8CC0A35321833E6E007F5FDE /* EventsScreen.swift in Sources */ = {isa = PBXBuildFile; fileRef = 8CC0A35221833E6E007F5FDE /* EventsScreen.swift */; };
		8CC0A35521833E9E007F5FDE /* EventPoster.swift in Sources */ = {isa = PBXBuildFile; fileRef = 8CC0A35421833E9E007F5FDE /* EventPoster.swift */; };
		8CC0A358218365C1007F5FDE /* MonthWeekView.swift in Sources */ = {isa = PBXBuildFile; fileRef = 8CC0A357218365C1007F5FDE /* MonthWeekView.swift */; };
		8CC0A35A218365E7007F5FDE /* CalendarViewController.swift in Sources */ = {isa = PBXBuildFile; fileRef = 8CC0A359218365E7007F5FDE /* CalendarViewController.swift */; };
		8CC0A35C2183662D007F5FDE /* HolidaysModel.swift in Sources */ = {isa = PBXBuildFile; fileRef = 8CC0A35B2183662D007F5FDE /* HolidaysModel.swift */; };
		8CC0A35E21836C2C007F5FDE /* CalendarEvents.swift in Sources */ = {isa = PBXBuildFile; fileRef = 8CC0A35D21836C2C007F5FDE /* CalendarEvents.swift */; };
		F302415D769A2996C7332EFB /* Pods_SmartUmac.framework in Frameworks */ = {isa = PBXBuildFile; fileRef = 529E3CD174043D56BC487D5A /* Pods_SmartUmac.framework */; };
/* End PBXBuildFile section */

/* Begin PBXFileReference section */
		130075661A0B6135605235D9 /* Pods-SmartUmac.release.xcconfig */ = {isa = PBXFileReference; includeInIndex = 1; lastKnownFileType = text.xcconfig; name = "Pods-SmartUmac.release.xcconfig"; path = "Pods/Target Support Files/Pods-SmartUmac/Pods-SmartUmac.release.xcconfig"; sourceTree = "<group>"; };
		529E3CD174043D56BC487D5A /* Pods_SmartUmac.framework */ = {isa = PBXFileReference; explicitFileType = wrapper.framework; includeInIndex = 0; path = Pods_SmartUmac.framework; sourceTree = BUILT_PRODUCTS_DIR; };
		5EF85DC405BD96BAA565303B /* Pods-SmartUmac.debug.xcconfig */ = {isa = PBXFileReference; includeInIndex = 1; lastKnownFileType = text.xcconfig; name = "Pods-SmartUmac.debug.xcconfig"; path = "Pods/Target Support Files/Pods-SmartUmac/Pods-SmartUmac.debug.xcconfig"; sourceTree = "<group>"; };
		8CC0A32921831429007F5FDE /* SmartUmac.app */ = {isa = PBXFileReference; explicitFileType = wrapper.application; includeInIndex = 0; path = SmartUmac.app; sourceTree = BUILT_PRODUCTS_DIR; };
		8CC0A32C21831429007F5FDE /* AppDelegate.swift */ = {isa = PBXFileReference; lastKnownFileType = sourcecode.swift; path = AppDelegate.swift; sourceTree = "<group>"; };
		8CC0A33321831441007F5FDE /* Assets.xcassets */ = {isa = PBXFileReference; lastKnownFileType = folder.assetcatalog; path = Assets.xcassets; sourceTree = "<group>"; };
		8CC0A33621831441007F5FDE /* Base */ = {isa = PBXFileReference; lastKnownFileType = file.storyboard; name = Base; path = Base.lproj/LaunchScreen.storyboard; sourceTree = "<group>"; };
		8CC0A33821831441007F5FDE /* Info.plist */ = {isa = PBXFileReference; lastKnownFileType = text.plist.xml; path = Info.plist; sourceTree = "<group>"; };
		8CC0A33F21831655007F5FDE /* NewsModel.swift */ = {isa = PBXFileReference; lastKnownFileType = sourcecode.swift; path = NewsModel.swift; sourceTree = "<group>"; };
		8CC0A341218318F6007F5FDE /* NewsMainView.swift */ = {isa = PBXFileReference; lastKnownFileType = sourcecode.swift; path = NewsMainView.swift; sourceTree = "<group>"; };
		8CC0A34321831D4D007F5FDE /* MainNewsScrollView.swift */ = {isa = PBXFileReference; lastKnownFileType = sourcecode.swift; path = MainNewsScrollView.swift; sourceTree = "<group>"; };
		8CC0A34621831E11007F5FDE /* NewsScreen.swift */ = {isa = PBXFileReference; lastKnownFileType = sourcecode.swift; path = NewsScreen.swift; sourceTree = "<group>"; };
		8CC0A34821831E72007F5FDE /* NewsScreenScrollView.swift */ = {isa = PBXFileReference; lastKnownFileType = sourcecode.swift; path = NewsScreenScrollView.swift; sourceTree = "<group>"; };
		8CC0A34B21833D7C007F5FDE /* EventsMainView.swift */ = {isa = PBXFileReference; lastKnownFileType = sourcecode.swift; path = EventsMainView.swift; sourceTree = "<group>"; };
		8CC0A34D21833D9C007F5FDE /* EventsModel.swift */ = {isa = PBXFileReference; lastKnownFileType = sourcecode.swift; path = EventsModel.swift; sourceTree = "<group>"; };
		8CC0A34F21833DE9007F5FDE /* MainEventsScrollView.swift */ = {isa = PBXFileReference; lastKnownFileType = sourcecode.swift; path = MainEventsScrollView.swift; sourceTree = "<group>"; };
		8CC0A35221833E6E007F5FDE /* EventsScreen.swift */ = {isa = PBXFileReference; lastKnownFileType = sourcecode.swift; path = EventsScreen.swift; sourceTree = "<group>"; };
		8CC0A35421833E9E007F5FDE /* EventPoster.swift */ = {isa = PBXFileReference; lastKnownFileType = sourcecode.swift; path = EventPoster.swift; sourceTree = "<group>"; };
		8CC0A357218365C1007F5FDE /* MonthWeekView.swift */ = {isa = PBXFileReference; lastKnownFileType = sourcecode.swift; path = MonthWeekView.swift; sourceTree = "<group>"; };
		8CC0A359218365E7007F5FDE /* CalendarViewController.swift */ = {isa = PBXFileReference; lastKnownFileType = sourcecode.swift; path = CalendarViewController.swift; sourceTree = "<group>"; };
		8CC0A35B2183662D007F5FDE /* HolidaysModel.swift */ = {isa = PBXFileReference; lastKnownFileType = sourcecode.swift; path = HolidaysModel.swift; sourceTree = "<group>"; };
		8CC0A35D21836C2C007F5FDE /* CalendarEvents.swift */ = {isa = PBXFileReference; lastKnownFileType = sourcecode.swift; path = CalendarEvents.swift; sourceTree = "<group>"; };
/* End PBXFileReference section */

/* Begin PBXFrameworksBuildPhase section */
		8CC0A32621831429007F5FDE /* Frameworks */ = {
			isa = PBXFrameworksBuildPhase;
			buildActionMask = 2147483647;
			files = (
				F302415D769A2996C7332EFB /* Pods_SmartUmac.framework in Frameworks */,
			);
			runOnlyForDeploymentPostprocessing = 0;
		};
/* End PBXFrameworksBuildPhase section */

/* Begin PBXGroup section */
		3CEB91A9D9A60B215FD71452 /* Frameworks */ = {
			isa = PBXGroup;
			children = (
				529E3CD174043D56BC487D5A /* Pods_SmartUmac.framework */,
			);
			name = Frameworks;
			sourceTree = "<group>";
		};
		8CC0A32021831429007F5FDE = {
			isa = PBXGroup;
			children = (
				8CC0A32B21831429007F5FDE /* SmartUmac */,
				8CC0A32A21831429007F5FDE /* Products */,
				CBA2485497CD0A3806941102 /* Pods */,
				3CEB91A9D9A60B215FD71452 /* Frameworks */,
			);
			sourceTree = "<group>";
		};
		8CC0A32A21831429007F5FDE /* Products */ = {
			isa = PBXGroup;
			children = (
				8CC0A32921831429007F5FDE /* SmartUmac.app */,
			);
			name = Products;
			sourceTree = "<group>";
		};
		8CC0A32B21831429007F5FDE /* SmartUmac */ = {
			isa = PBXGroup;
			children = (
				8CC0A32C21831429007F5FDE /* AppDelegate.swift */,
				8CC0A3562183658E007F5FDE /* CalendarScreen */,
				8CC0A34A21833D38007F5FDE /* EventsScreen */,
				8CC0A33E218315C7007F5FDE /* News Screen */,
				8CC0A33321831441007F5FDE /* Assets.xcassets */,
				8CC0A33521831441007F5FDE /* LaunchScreen.storyboard */,
				8CC0A33821831441007F5FDE /* Info.plist */,
			);
			path = SmartUmac;
			sourceTree = "<group>";
		};
		8CC0A33E218315C7007F5FDE /* News Screen */ = {
			isa = PBXGroup;
			children = (
				8CC0A33F21831655007F5FDE /* NewsModel.swift */,
				8CC0A341218318F6007F5FDE /* NewsMainView.swift */,
				8CC0A34321831D4D007F5FDE /* MainNewsScrollView.swift */,
				8CC0A34521831DFA007F5FDE /* News Detail Screen */,
			);
			path = "News Screen";
			sourceTree = "<group>";
		};
		8CC0A34521831DFA007F5FDE /* News Detail Screen */ = {
			isa = PBXGroup;
			children = (
				8CC0A34621831E11007F5FDE /* NewsScreen.swift */,
				8CC0A34821831E72007F5FDE /* NewsScreenScrollView.swift */,
			);
			path = "News Detail Screen";
			sourceTree = "<group>";
		};
		8CC0A34A21833D38007F5FDE /* EventsScreen */ = {
			isa = PBXGroup;
			children = (
				8CC0A34B21833D7C007F5FDE /* EventsMainView.swift */,
				8CC0A34D21833D9C007F5FDE /* EventsModel.swift */,
				8CC0A34F21833DE9007F5FDE /* MainEventsScrollView.swift */,
				8CC0A35121833E1F007F5FDE /* Events Detail Screen */,
			);
			path = EventsScreen;
			sourceTree = "<group>";
		};
		8CC0A35121833E1F007F5FDE /* Events Detail Screen */ = {
			isa = PBXGroup;
			children = (
				8CC0A35221833E6E007F5FDE /* EventsScreen.swift */,
				8CC0A35421833E9E007F5FDE /* EventPoster.swift */,
			);
			path = "Events Detail Screen";
			sourceTree = "<group>";
		};
		8CC0A3562183658E007F5FDE /* CalendarScreen */ = {
			isa = PBXGroup;
			children = (
				8CC0A357218365C1007F5FDE /* MonthWeekView.swift */,
				8CC0A359218365E7007F5FDE /* CalendarViewController.swift */,
				8CC0A35B2183662D007F5FDE /* HolidaysModel.swift */,
				8CC0A35D21836C2C007F5FDE /* CalendarEvents.swift */,
			);
			path = CalendarScreen;
			sourceTree = "<group>";
		};
		CBA2485497CD0A3806941102 /* Pods */ = {
			isa = PBXGroup;
			children = (
				5EF85DC405BD96BAA565303B /* Pods-SmartUmac.debug.xcconfig */,
				130075661A0B6135605235D9 /* Pods-SmartUmac.release.xcconfig */,
			);
			name = Pods;
			sourceTree = "<group>";
		};
/* End PBXGroup section */

/* Begin PBXNativeTarget section */
		8CC0A32821831429007F5FDE /* SmartUmac */ = {
			isa = PBXNativeTarget;
			buildConfigurationList = 8CC0A33B21831441007F5FDE /* Build configuration list for PBXNativeTarget "SmartUmac" */;
			buildPhases = (
				4783F00E459E2EF39E2F5D4F /* [CP] Check Pods Manifest.lock */,
				8CC0A32521831429007F5FDE /* Sources */,
				8CC0A32621831429007F5FDE /* Frameworks */,
				8CC0A32721831429007F5FDE /* Resources */,
				1CF037343FAF6F9E86791B78 /* [CP] Embed Pods Frameworks */,
			);
			buildRules = (
			);
			dependencies = (
			);
			name = SmartUmac;
			productName = SmartUmac;
			productReference = 8CC0A32921831429007F5FDE /* SmartUmac.app */;
			productType = "com.apple.product-type.application";
		};
/* End PBXNativeTarget section */

/* Begin PBXProject section */
		8CC0A32121831429007F5FDE /* Project object */ = {
			isa = PBXProject;
			attributes = {
				LastSwiftUpdateCheck = 0940;
				LastUpgradeCheck = 0940;
				ORGANIZATIONNAME = Ricardo;
				TargetAttributes = {
					8CC0A32821831429007F5FDE = {
						CreatedOnToolsVersion = 9.4.1;
					};
				};
			};
			buildConfigurationList = 8CC0A32421831429007F5FDE /* Build configuration list for PBXProject "SmartUmac" */;
			compatibilityVersion = "Xcode 9.3";
			developmentRegion = en;
			hasScannedForEncodings = 0;
			knownRegions = (
				en,
				Base,
			);
			mainGroup = 8CC0A32021831429007F5FDE;
			productRefGroup = 8CC0A32A21831429007F5FDE /* Products */;
			projectDirPath = "";
			projectRoot = "";
			targets = (
				8CC0A32821831429007F5FDE /* SmartUmac */,
			);
		};
/* End PBXProject section */

/* Begin PBXResourcesBuildPhase section */
		8CC0A32721831429007F5FDE /* Resources */ = {
			isa = PBXResourcesBuildPhase;
			buildActionMask = 2147483647;
			files = (
				8CC0A33721831441007F5FDE /* LaunchScreen.storyboard in Resources */,
				8CC0A33421831441007F5FDE /* Assets.xcassets in Resources */,
			);
			runOnlyForDeploymentPostprocessing = 0;
		};
/* End PBXResourcesBuildPhase section */

/* Begin PBXShellScriptBuildPhase section */
		1CF037343FAF6F9E86791B78 /* [CP] Embed Pods Frameworks */ = {
			isa = PBXShellScriptBuildPhase;
			buildActionMask = 2147483647;
			files = (
			);
			inputPaths = (
				"${SRCROOT}/Pods/Target Support Files/Pods-SmartUmac/Pods-SmartUmac-frameworks.sh",
				"${BUILT_PRODUCTS_DIR}/SwiftSoup/SwiftSoup.framework",
			);
			name = "[CP] Embed Pods Frameworks";
			outputPaths = (
				"${TARGET_BUILD_DIR}/${FRAMEWORKS_FOLDER_PATH}/SwiftSoup.framework",
			);
			runOnlyForDeploymentPostprocessing = 0;
			shellPath = /bin/sh;
			shellScript = "\"${SRCROOT}/Pods/Target Support Files/Pods-SmartUmac/Pods-SmartUmac-frameworks.sh\"\n";
			showEnvVarsInLog = 0;
		};
		4783F00E459E2EF39E2F5D4F /* [CP] Check Pods Manifest.lock */ = {
			isa = PBXShellScriptBuildPhase;
			buildActionMask = 2147483647;
			files = (
			);
			inputPaths = (
				"${PODS_PODFILE_DIR_PATH}/Podfile.lock",
				"${PODS_ROOT}/Manifest.lock",
			);
			name = "[CP] Check Pods Manifest.lock";
			outputPaths = (
				"$(DERIVED_FILE_DIR)/Pods-SmartUmac-checkManifestLockResult.txt",
			);
			runOnlyForDeploymentPostprocessing = 0;
			shellPath = /bin/sh;
			shellScript = "diff \"${PODS_PODFILE_DIR_PATH}/Podfile.lock\" \"${PODS_ROOT}/Manifest.lock\" > /dev/null\nif [ $? != 0 ] ; then\n    # print error to STDERR\n    echo \"error: The sandbox is not in sync with the Podfile.lock. Run 'pod install' or update your CocoaPods installation.\" >&2\n    exit 1\nfi\n# This output is used by Xcode 'outputs' to avoid re-running this script phase.\necho \"SUCCESS\" > \"${SCRIPT_OUTPUT_FILE_0}\"\n";
			showEnvVarsInLog = 0;
		};
/* End PBXShellScriptBuildPhase section */

/* Begin PBXSourcesBuildPhase section */
		8CC0A32521831429007F5FDE /* Sources */ = {
			isa = PBXSourcesBuildPhase;
			buildActionMask = 2147483647;
			files = (
				8CC0A34C21833D7C007F5FDE /* EventsMainView.swift in Sources */,
				8CC0A35E21836C2C007F5FDE /* CalendarEvents.swift in Sources */,
				8CC0A35021833DE9007F5FDE /* MainEventsScrollView.swift in Sources */,
				8CC0A35521833E9E007F5FDE /* EventPoster.swift in Sources */,
				8CC0A34021831655007F5FDE /* NewsModel.swift in Sources */,
				8CC0A34E21833D9C007F5FDE /* EventsModel.swift in Sources */,
				8CC0A35321833E6E007F5FDE /* EventsScreen.swift in Sources */,
				8CC0A34721831E11007F5FDE /* NewsScreen.swift in Sources */,
				8CC0A342218318F6007F5FDE /* NewsMainView.swift in Sources */,
				8CC0A35A218365E7007F5FDE /* CalendarViewController.swift in Sources */,
				8CC0A34421831D4D007F5FDE /* MainNewsScrollView.swift in Sources */,
				8CC0A34921831E72007F5FDE /* NewsScreenScrollView.swift in Sources */,
				8CC0A32D21831429007F5FDE /* AppDelegate.swift in Sources */,
				8CC0A35C2183662D007F5FDE /* HolidaysModel.swift in Sources */,
				8CC0A358218365C1007F5FDE /* MonthWeekView.swift in Sources */,
			);
			runOnlyForDeploymentPostprocessing = 0;
		};
/* End PBXSourcesBuildPhase section */

/* Begin PBXVariantGroup section */
		8CC0A33521831441007F5FDE /* LaunchScreen.storyboard */ = {
			isa = PBXVariantGroup;
			children = (
				8CC0A33621831441007F5FDE /* Base */,
			);
			name = LaunchScreen.storyboard;
			sourceTree = "<group>";
		};
/* End PBXVariantGroup section */

/* Begin XCBuildConfiguration section */
		8CC0A33921831441007F5FDE /* Debug */ = {
			isa = XCBuildConfiguration;
			buildSettings = {
				ALWAYS_SEARCH_USER_PATHS = NO;
				CLANG_ANALYZER_NONNULL = YES;
				CLANG_ANALYZER_NUMBER_OBJECT_CONVERSION = YES_AGGRESSIVE;
				CLANG_CXX_LANGUAGE_STANDARD = "gnu++14";
				CLANG_CXX_LIBRARY = "libc++";
				CLANG_ENABLE_MODULES = YES;
				CLANG_ENABLE_OBJC_ARC = YES;
				CLANG_ENABLE_OBJC_WEAK = YES;
				CLANG_WARN_BLOCK_CAPTURE_AUTORELEASING = YES;
				CLANG_WARN_BOOL_CONVERSION = YES;
				CLANG_WARN_COMMA = YES;
				CLANG_WARN_CONSTANT_CONVERSION = YES;
				CLANG_WARN_DEPRECATED_OBJC_IMPLEMENTATIONS = YES;
				CLANG_WARN_DIRECT_OBJC_ISA_USAGE = YES_ERROR;
				CLANG_WARN_DOCUMENTATION_COMMENTS = YES;
				CLANG_WARN_EMPTY_BODY = YES;
				CLANG_WARN_ENUM_CONVERSION = YES;
				CLANG_WARN_INFINITE_RECURSION = YES;
				CLANG_WARN_INT_CONVERSION = YES;
				CLANG_WARN_NON_LITERAL_NULL_CONVERSION = YES;
				CLANG_WARN_OBJC_IMPLICIT_RETAIN_SELF = YES;
				CLANG_WARN_OBJC_LITERAL_CONVERSION = YES;
				CLANG_WARN_OBJC_ROOT_CLASS = YES_ERROR;
				CLANG_WARN_RANGE_LOOP_ANALYSIS = YES;
				CLANG_WARN_STRICT_PROTOTYPES = YES;
				CLANG_WARN_SUSPICIOUS_MOVE = YES;
				CLANG_WARN_UNGUARDED_AVAILABILITY = YES_AGGRESSIVE;
				CLANG_WARN_UNREACHABLE_CODE = YES;
				CLANG_WARN__DUPLICATE_METHOD_MATCH = YES;
				CODE_SIGN_IDENTITY = "iPhone Developer";
				COPY_PHASE_STRIP = NO;
				DEBUG_INFORMATION_FORMAT = dwarf;
				ENABLE_STRICT_OBJC_MSGSEND = YES;
				ENABLE_TESTABILITY = YES;
				GCC_C_LANGUAGE_STANDARD = gnu11;
				GCC_DYNAMIC_NO_PIC = NO;
				GCC_NO_COMMON_BLOCKS = YES;
				GCC_OPTIMIZATION_LEVEL = 0;
				GCC_PREPROCESSOR_DEFINITIONS = (
					"DEBUG=1",
					"$(inherited)",
				);
				GCC_WARN_64_TO_32_BIT_CONVERSION = YES;
				GCC_WARN_ABOUT_RETURN_TYPE = YES_ERROR;
				GCC_WARN_UNDECLARED_SELECTOR = YES;
				GCC_WARN_UNINITIALIZED_AUTOS = YES_AGGRESSIVE;
				GCC_WARN_UNUSED_FUNCTION = YES;
				GCC_WARN_UNUSED_VARIABLE = YES;
				IPHONEOS_DEPLOYMENT_TARGET = 11.4;
				MTL_ENABLE_DEBUG_INFO = YES;
				ONLY_ACTIVE_ARCH = YES;
				SDKROOT = iphoneos;
				SWIFT_ACTIVE_COMPILATION_CONDITIONS = DEBUG;
				SWIFT_OPTIMIZATION_LEVEL = "-Onone";
			};
			name = Debug;
		};
		8CC0A33A21831441007F5FDE /* Release */ = {
			isa = XCBuildConfiguration;
			buildSettings = {
				ALWAYS_SEARCH_USER_PATHS = NO;
				CLANG_ANALYZER_NONNULL = YES;
				CLANG_ANALYZER_NUMBER_OBJECT_CONVERSION = YES_AGGRESSIVE;
				CLANG_CXX_LANGUAGE_STANDARD = "gnu++14";
				CLANG_CXX_LIBRARY = "libc++";
				CLANG_ENABLE_MODULES = YES;
				CLANG_ENABLE_OBJC_ARC = YES;
				CLANG_ENABLE_OBJC_WEAK = YES;
				CLANG_WARN_BLOCK_CAPTURE_AUTORELEASING = YES;
				CLANG_WARN_BOOL_CONVERSION = YES;
				CLANG_WARN_COMMA = YES;
				CLANG_WARN_CONSTANT_CONVERSION = YES;
				CLANG_WARN_DEPRECATED_OBJC_IMPLEMENTATIONS = YES;
				CLANG_WARN_DIRECT_OBJC_ISA_USAGE = YES_ERROR;
				CLANG_WARN_DOCUMENTATION_COMMENTS = YES;
				CLANG_WARN_EMPTY_BODY = YES;
				CLANG_WARN_ENUM_CONVERSION = YES;
				CLANG_WARN_INFINITE_RECURSION = YES;
				CLANG_WARN_INT_CONVERSION = YES;
				CLANG_WARN_NON_LITERAL_NULL_CONVERSION = YES;
				CLANG_WARN_OBJC_IMPLICIT_RETAIN_SELF = YES;
				CLANG_WARN_OBJC_LITERAL_CONVERSION = YES;
				CLANG_WARN_OBJC_ROOT_CLASS = YES_ERROR;
				CLANG_WARN_RANGE_LOOP_ANALYSIS = YES;
				CLANG_WARN_STRICT_PROTOTYPES = YES;
				CLANG_WARN_SUSPICIOUS_MOVE = YES;
				CLANG_WARN_UNGUARDED_AVAILABILITY = YES_AGGRESSIVE;
				CLANG_WARN_UNREACHABLE_CODE = YES;
				CLANG_WARN__DUPLICATE_METHOD_MATCH = YES;
				CODE_SIGN_IDENTITY = "iPhone Developer";
				COPY_PHASE_STRIP = NO;
				DEBUG_INFORMATION_FORMAT = "dwarf-with-dsym";
				ENABLE_NS_ASSERTIONS = NO;
				ENABLE_STRICT_OBJC_MSGSEND = YES;
				GCC_C_LANGUAGE_STANDARD = gnu11;
				GCC_NO_COMMON_BLOCKS = YES;
				GCC_WARN_64_TO_32_BIT_CONVERSION = YES;
				GCC_WARN_ABOUT_RETURN_TYPE = YES_ERROR;
				GCC_WARN_UNDECLARED_SELECTOR = YES;
				GCC_WARN_UNINITIALIZED_AUTOS = YES_AGGRESSIVE;
				GCC_WARN_UNUSED_FUNCTION = YES;
				GCC_WARN_UNUSED_VARIABLE = YES;
				IPHONEOS_DEPLOYMENT_TARGET = 11.4;
				MTL_ENABLE_DEBUG_INFO = NO;
				SDKROOT = iphoneos;
				SWIFT_COMPILATION_MODE = wholemodule;
				SWIFT_OPTIMIZATION_LEVEL = "-O";
				VALIDATE_PRODUCT = YES;
			};
			name = Release;
		};
		8CC0A33C21831441007F5FDE /* Debug */ = {
			isa = XCBuildConfiguration;
			baseConfigurationReference = 5EF85DC405BD96BAA565303B /* Pods-SmartUmac.debug.xcconfig */;
			buildSettings = {
				ASSETCATALOG_COMPILER_APPICON_NAME = AppIcon;
				CODE_SIGN_STYLE = Automatic;
				DEVELOPMENT_TEAM = YR8BF9NSZC;
				INFOPLIST_FILE = SmartUmac/Info.plist;
				LD_RUNPATH_SEARCH_PATHS = (
					"$(inherited)",
					"@executable_path/Frameworks",
				);
				PRODUCT_BUNDLE_IDENTIFIER = com.rickykw.SmartUmac;
				PRODUCT_NAME = "$(TARGET_NAME)";
				SWIFT_VERSION = 4.0;
				TARGETED_DEVICE_FAMILY = "1,2";
			};
			name = Debug;
		};
		8CC0A33D21831441007F5FDE /* Release */ = {
			isa = XCBuildConfiguration;
			baseConfigurationReference = 130075661A0B6135605235D9 /* Pods-SmartUmac.release.xcconfig */;
			buildSettings = {
				ASSETCATALOG_COMPILER_APPICON_NAME = AppIcon;
				CODE_SIGN_STYLE = Automatic;
				DEVELOPMENT_TEAM = YR8BF9NSZC;
				INFOPLIST_FILE = SmartUmac/Info.plist;
				LD_RUNPATH_SEARCH_PATHS = (
					"$(inherited)",
					"@executable_path/Frameworks",
				);
				PRODUCT_BUNDLE_IDENTIFIER = com.rickykw.SmartUmac;
				PRODUCT_NAME = "$(TARGET_NAME)";
				SWIFT_VERSION = 4.0;
				TARGETED_DEVICE_FAMILY = "1,2";
			};
			name = Release;
		};
/* End XCBuildConfiguration section */

/* Begin XCConfigurationList section */
		8CC0A32421831429007F5FDE /* Build configuration list for PBXProject "SmartUmac" */ = {
			isa = XCConfigurationList;
			buildConfigurations = (
				8CC0A33921831441007F5FDE /* Debug */,
				8CC0A33A21831441007F5FDE /* Release */,
			);
			defaultConfigurationIsVisible = 0;
			defaultConfigurationName = Release;
		};
		8CC0A33B21831441007F5FDE /* Build configuration list for PBXNativeTarget "SmartUmac" */ = {
			isa = XCConfigurationList;
			buildConfigurations = (
				8CC0A33C21831441007F5FDE /* Debug */,
				8CC0A33D21831441007F5FDE /* Release */,
			);
			defaultConfigurationIsVisible = 0;
			defaultConfigurationName = Release;
		};
/* End XCConfigurationList section */
	};
	rootObject = 8CC0A32121831429007F5FDE /* Project object */;
}
